PODS:
  - AgoraAIGCService (1.1.0):
    - MicrosoftCognitiveServicesSpeech-iOS (~> 1.25)
    - SocketRocket (= 0.7.0)
  - AgoraComponetLog (0.0.1)
  - AgoraRtcEngine_Special_iOS (4.1.1.24)
  - MicrosoftCognitiveServicesSpeech-iOS (1.34.0)
  - OpenSSL-Universal (1.0.2.17)
  - RTMTokenBuilder (1.0.2):
    - OpenSSL-Universal (= 1.0.2.17)
  - SocketRocket (0.7.0)
  - SVProgressHUD (2.3.1):
    - SVProgressHUD/Core (= 2.3.1)
  - SVProgressHUD/Core (2.3.1)

DEPENDENCIES:
  - AgoraAIGCService (from `AIGCService_Binary.podspec`)
  - AgoraComponetLog
  - AgoraRtcEngine_Special_iOS (= 4.1.1.24)
  - RTMTokenBuilder (= 1.0.2)
  - SVProgressHUD

SPEC REPOS:
  https://github.com/CocoaPods/Specs.git:
    - AgoraComponetLog
    - AgoraRtcEngine_Special_iOS
    - MicrosoftCognitiveServicesSpeech-iOS
    - OpenSSL-Universal
    - RTMTokenBuilder
    - SocketRocket
    - SVProgressHUD

EXTERNAL SOURCES:
  AgoraAIGCService:
    :path: AIGCService_Binary.podspec

SPEC CHECKSUMS:
  AgoraAIGCService: 9a220717bb688efb3678701e80972ab9dd6c93bc
  AgoraComponetLog: c52aec8db3ea38c5693fd4f1beee05ba7715e68b
  AgoraRtcEngine_Special_iOS: d20a440b759565cde7640d68c4d22f1412a6df5f
  MicrosoftCognitiveServicesSpeech-iOS: 723eccb3e459bbb530df3d9bfe84a291074b09eb
  OpenSSL-Universal: ff04c2e6befc3f1247ae039e60c93f76345b3b5a
  RTMTokenBuilder: 7c618fd0c0979ec66366fe69a288a0a8040890fe
  SocketRocket: abac6f5de4d4d62d24e11868d7a2f427e0ef940d
  SVProgressHUD: 4837c74bdfe2e51e8821c397825996a8d7de6e22

PODFILE CHECKSUM: 317b8fae2af520aefe5d2f7a966024c95f578d49

COCOAPODS: 1.14.3
